
Microsoft Visual Studio Solution File, Format Version 12.00
# Visual Studio Version 17
VisualStudioVersion = 17.13.35931.197 d17.13
MinimumVisualStudioVersion = 10.0.40219.1
Project("{FAE04EC0-301F-11D3-BF4B-00C04F79EFBC}") = "Labeling", "Labeling\Labeling.csproj", "{BF4A55E8-6BFB-4160-AC58-D961669BCA91}"
EndProject
Global
	GlobalSection(SolutionConfigurationPlatforms) = preSolution
		Debug|Any CPU = Debug|Any CPU
		Release|Any CPU = Release|Any CPU
	EndGlobalSection
	GlobalSection(ProjectConfigurationPlatforms) = postSolution
		{BF4A55E8-6BFB-4160-AC58-D961669BCA91}.Debug|Any CPU.ActiveCfg = Debug|Any CPU
		{BF4A55E8-6BFB-4160-AC58-D961669BCA91}.Debug|Any CPU.Build.0 = Debug|Any CPU
		{BF4A55E8-6BFB-4160-AC58-D961669BCA91}.Release|Any CPU.ActiveCfg = Release|Any CPU
		{BF4A55E8-6BFB-4160-AC58-D961669BCA91}.Release|Any CPU.Build.0 = Release|Any CPU
	EndGlobalSection
	GlobalSection(SolutionProperties) = preSolution
		HideSolutionNode = FALSE
	EndGlobalSection
	GlobalSection(ExtensibilityGlobals) = postSolution
		SolutionGuid = {0FB99038-C53E-48E4-BD78-107B82ACD9BA}
	EndGlobalSection
EndGlobal
