
Microsoft Visual Studio Solution File, Format Version 12.00
# Visual Studio Version 17
VisualStudioVersion = 17.8.34511.84
MinimumVisualStudioVersion = 10.0.40219.1
Project("{FAE04EC0-301F-11D3-BF4B-00C04F79EFBC}") = "WindowsFormsApp1", "WindowsFormsApp1\WindowsFormsApp1.csproj", "{143AB11F-66A5-492C-B0DB-EAEC92FE0571}"
EndProject
Global
	GlobalSection(SolutionConfigurationPlatforms) = preSolution
		Debug|Any CPU = Debug|Any CPU
		Release|Any CPU = Release|Any CPU
	EndGlobalSection
	GlobalSection(ProjectConfigurationPlatforms) = postSolution
		{143AB11F-66A5-492C-B0DB-EAEC92FE0571}.Debug|Any CPU.ActiveCfg = Debug|Any CPU
		{143AB11F-66A5-492C-B0DB-EAEC92FE0571}.Debug|Any CPU.Build.0 = Debug|Any CPU
		{143AB11F-66A5-492C-B0DB-EAEC92FE0571}.Release|Any CPU.ActiveCfg = Release|Any CPU
		{143AB11F-66A5-492C-B0DB-EAEC92FE0571}.Release|Any CPU.Build.0 = Release|Any CPU
	EndGlobalSection
	GlobalSection(SolutionProperties) = preSolution
		HideSolutionNode = FALSE
	EndGlobalSection
	GlobalSection(ExtensibilityGlobals) = postSolution
		SolutionGuid = {5C3EB8E1-94E5-4281-A851-C21AF33C4D7D}
	EndGlobalSection
EndGlobal
