
Microsoft Visual Studio Solution File, Format Version 12.00
# Visual Studio Version 17
VisualStudioVersion = 17.13.35825.156 d17.13
MinimumVisualStudioVersion = 10.0.40219.1
Project("{FAE04EC0-301F-11D3-BF4B-00C04F79EFBC}") = "WindowsFormsApp1", "WindowsFormsApp1\WindowsFormsApp1.csproj", "{709A69E4-60D6-482A-8E68-6AE85B3924F9}"
EndProject
Global
	GlobalSection(SolutionConfigurationPlatforms) = preSolution
		Debug|Any CPU = Debug|Any CPU
		Release|Any CPU = Release|Any CPU
	EndGlobalSection
	GlobalSection(ProjectConfigurationPlatforms) = postSolution
		{709A69E4-60D6-482A-8E68-6AE85B3924F9}.Debug|Any CPU.ActiveCfg = Debug|Any CPU
		{709A69E4-60D6-482A-8E68-6AE85B3924F9}.Debug|Any CPU.Build.0 = Debug|Any CPU
		{709A69E4-60D6-482A-8E68-6AE85B3924F9}.Release|Any CPU.ActiveCfg = Release|Any CPU
		{709A69E4-60D6-482A-8E68-6AE85B3924F9}.Release|Any CPU.Build.0 = Release|Any CPU
	EndGlobalSection
	GlobalSection(SolutionProperties) = preSolution
		HideSolutionNode = FALSE
	EndGlobalSection
	GlobalSection(ExtensibilityGlobals) = postSolution
		SolutionGuid = {D5D6BBFE-B5CA-499C-8505-A002B0380FD8}
	EndGlobalSection
EndGlobal
