
Microsoft Visual Studio Solution File, Format Version 12.00
# Visual Studio Version 17
VisualStudioVersion = 17.8.34511.84
MinimumVisualStudioVersion = 10.0.40219.1
Project("{FAE04EC0-301F-11D3-BF4B-00C04F79EFBC}") = "Clock", "Clock\Clock.csproj", "{F1C7BD37-A46E-431A-95DA-3CBD04DBD308}"
EndProject
Global
	GlobalSection(SolutionConfigurationPlatforms) = preSolution
		Debug|Any CPU = Debug|Any CPU
		Release|Any CPU = Release|Any CPU
	EndGlobalSection
	GlobalSection(ProjectConfigurationPlatforms) = postSolution
		{F1C7BD37-A46E-431A-95DA-3CBD04DBD308}.Debug|Any CPU.ActiveCfg = Debug|Any CPU
		{F1C7BD37-A46E-431A-95DA-3CBD04DBD308}.Debug|Any CPU.Build.0 = Debug|Any CPU
		{F1C7BD37-A46E-431A-95DA-3CBD04DBD308}.Release|Any CPU.ActiveCfg = Release|Any CPU
		{F1C7BD37-A46E-431A-95DA-3CBD04DBD308}.Release|Any CPU.Build.0 = Release|Any CPU
	EndGlobalSection
	GlobalSection(SolutionProperties) = preSolution
		HideSolutionNode = FALSE
	EndGlobalSection
	GlobalSection(ExtensibilityGlobals) = postSolution
		SolutionGuid = {96673D31-9030-45DF-B74A-515E25C6F701}
	EndGlobalSection
EndGlobal
