
Microsoft Visual Studio Solution File, Format Version 12.00
# Visual Studio Version 17
VisualStudioVersion = 17.13.35825.156 d17.13
MinimumVisualStudioVersion = 10.0.40219.1
Project("{FAE04EC0-301F-11D3-BF4B-00C04F79EFBC}") = "week5_assignment", "week5_assignment\week5_assignment.csproj", "{1BF548A7-B500-4ADA-89F0-4F980F01AD0D}"
EndProject
Global
	GlobalSection(SolutionConfigurationPlatforms) = preSolution
		Debug|Any CPU = Debug|Any CPU
		Release|Any CPU = Release|Any CPU
	EndGlobalSection
	GlobalSection(ProjectConfigurationPlatforms) = postSolution
		{1BF548A7-B500-4ADA-89F0-4F980F01AD0D}.Debug|Any CPU.ActiveCfg = Debug|Any CPU
		{1BF548A7-B500-4ADA-89F0-4F980F01AD0D}.Debug|Any CPU.Build.0 = Debug|Any CPU
		{1BF548A7-B500-4ADA-89F0-4F980F01AD0D}.Release|Any CPU.ActiveCfg = Release|Any CPU
		{1BF548A7-B500-4ADA-89F0-4F980F01AD0D}.Release|Any CPU.Build.0 = Release|Any CPU
	EndGlobalSection
	GlobalSection(SolutionProperties) = preSolution
		HideSolutionNode = FALSE
	EndGlobalSection
	GlobalSection(ExtensibilityGlobals) = postSolution
		SolutionGuid = {3EF7D03F-EE35-4492-BF36-34C66F451D4B}
	EndGlobalSection
EndGlobal
