
Microsoft Visual Studio Solution File, Format Version 12.00
# Visual Studio Version 17
VisualStudioVersion = 17.8.34511.84
MinimumVisualStudioVersion = 10.0.40219.1
Project("{FAE04EC0-301F-11D3-BF4B-00C04F79EFBC}") = "Monte", "Monte\Monte.csproj", "{545F0AF7-8B3F-49A9-82EA-369F7C8E0250}"
EndProject
Global
	GlobalSection(SolutionConfigurationPlatforms) = preSolution
		Debug|Any CPU = Debug|Any CPU
		Release|Any CPU = Release|Any CPU
	EndGlobalSection
	GlobalSection(ProjectConfigurationPlatforms) = postSolution
		{545F0AF7-8B3F-49A9-82EA-369F7C8E0250}.Debug|Any CPU.ActiveCfg = Debug|Any CPU
		{545F0AF7-8B3F-49A9-82EA-369F7C8E0250}.Debug|Any CPU.Build.0 = Debug|Any CPU
		{545F0AF7-8B3F-49A9-82EA-369F7C8E0250}.Release|Any CPU.ActiveCfg = Release|Any CPU
		{545F0AF7-8B3F-49A9-82EA-369F7C8E0250}.Release|Any CPU.Build.0 = Release|Any CPU
	EndGlobalSection
	GlobalSection(SolutionProperties) = preSolution
		HideSolutionNode = FALSE
	EndGlobalSection
	GlobalSection(ExtensibilityGlobals) = postSolution
		SolutionGuid = {E894A6F5-31B3-43AC-B16A-2A284BB751DE}
	EndGlobalSection
EndGlobal
