
Microsoft Visual Studio Solution File, Format Version 12.00
# Visual Studio Version 17
VisualStudioVersion = 17.8.34511.84
MinimumVisualStudioVersion = 10.0.40219.1
Project("{FAE04EC0-301F-11D3-BF4B-00C04F79EFBC}") = "TotalSec", "TotalSec\TotalSec.csproj", "{D08FD7EC-8991-4F94-B44E-E2B8A5848785}"
EndProject
Global
	GlobalSection(SolutionConfigurationPlatforms) = preSolution
		Debug|Any CPU = Debug|Any CPU
		Release|Any CPU = Release|Any CPU
	EndGlobalSection
	GlobalSection(ProjectConfigurationPlatforms) = postSolution
		{D08FD7EC-8991-4F94-B44E-E2B8A5848785}.Debug|Any CPU.ActiveCfg = Debug|Any CPU
		{D08FD7EC-8991-4F94-B44E-E2B8A5848785}.Debug|Any CPU.Build.0 = Debug|Any CPU
		{D08FD7EC-8991-4F94-B44E-E2B8A5848785}.Release|Any CPU.ActiveCfg = Release|Any CPU
		{D08FD7EC-8991-4F94-B44E-E2B8A5848785}.Release|Any CPU.Build.0 = Release|Any CPU
	EndGlobalSection
	GlobalSection(SolutionProperties) = preSolution
		HideSolutionNode = FALSE
	EndGlobalSection
	GlobalSection(ExtensibilityGlobals) = postSolution
		SolutionGuid = {037DF0BF-FEDF-4E84-B935-B1D3C3723327}
	EndGlobalSection
EndGlobal
