
Microsoft Visual Studio Solution File, Format Version 12.00
# Visual Studio Version 17
VisualStudioVersion = 17.8.34511.84
MinimumVisualStudioVersion = 10.0.40219.1
Project("{FAE04EC0-301F-11D3-BF4B-00C04F79EFBC}") = "theory", "theory\theory.csproj", "{4CE57E29-EAEC-439A-BA6A-C8F84C2E322B}"
EndProject
Global
	GlobalSection(SolutionConfigurationPlatforms) = preSolution
		Debug|Any CPU = Debug|Any CPU
		Release|Any CPU = Release|Any CPU
	EndGlobalSection
	GlobalSection(ProjectConfigurationPlatforms) = postSolution
		{4CE57E29-EAEC-439A-BA6A-C8F84C2E322B}.Debug|Any CPU.ActiveCfg = Debug|Any CPU
		{4CE57E29-EAEC-439A-BA6A-C8F84C2E322B}.Debug|Any CPU.Build.0 = Debug|Any CPU
		{4CE57E29-EAEC-439A-BA6A-C8F84C2E322B}.Release|Any CPU.ActiveCfg = Release|Any CPU
		{4CE57E29-EAEC-439A-BA6A-C8F84C2E322B}.Release|Any CPU.Build.0 = Release|Any CPU
	EndGlobalSection
	GlobalSection(SolutionProperties) = preSolution
		HideSolutionNode = FALSE
	EndGlobalSection
	GlobalSection(ExtensibilityGlobals) = postSolution
		SolutionGuid = {56D27C56-1B74-49AD-882A-43C85FC2CC91}
	EndGlobalSection
EndGlobal
