
Microsoft Visual Studio Solution File, Format Version 12.00
# Visual Studio Version 17
VisualStudioVersion = 17.13.35825.156 d17.13
MinimumVisualStudioVersion = 10.0.40219.1
Project("{FAE04EC0-301F-11D3-BF4B-00C04F79EFBC}") = "WindowsFormsApp1", "WindowsFormsApp1\WindowsFormsApp1.csproj", "{F15666CE-CF0D-44D5-9228-F09D0880C7F8}"
EndProject
Global
	GlobalSection(SolutionConfigurationPlatforms) = preSolution
		Debug|Any CPU = Debug|Any CPU
		Release|Any CPU = Release|Any CPU
	EndGlobalSection
	GlobalSection(ProjectConfigurationPlatforms) = postSolution
		{F15666CE-CF0D-44D5-9228-F09D0880C7F8}.Debug|Any CPU.ActiveCfg = Debug|Any CPU
		{F15666CE-CF0D-44D5-9228-F09D0880C7F8}.Debug|Any CPU.Build.0 = Debug|Any CPU
		{F15666CE-CF0D-44D5-9228-F09D0880C7F8}.Release|Any CPU.ActiveCfg = Release|Any CPU
		{F15666CE-CF0D-44D5-9228-F09D0880C7F8}.Release|Any CPU.Build.0 = Release|Any CPU
	EndGlobalSection
	GlobalSection(SolutionProperties) = preSolution
		HideSolutionNode = FALSE
	EndGlobalSection
	GlobalSection(ExtensibilityGlobals) = postSolution
		SolutionGuid = {2DA10999-9377-4543-98F5-3B1C2BD066EF}
	EndGlobalSection
EndGlobal
